Microsoft Visual Studio Solution File, Format Version 12.00
# Visual Studio Version 17
VisualStudioVersion = 17.5.2.0
MinimumVisualStudioVersion = 10.0.40219.1
Project("{2150E333-8FDC-42A3-9474-1A3956D46DE8}") = "src", "src", "{827E0CD3-B72D-47B6-A68D-7590B98EB39B}"
EndProject
Project("{FAE04EC0-301F-11D3-BF4B-00C04F79EFBC}") = "RichLearning", "src\RichLearning\RichLearning.csproj", "{275158B4-FEEF-8C9E-90DA-5577F89044E7}"
EndProject
Global
	GlobalSection(SolutionConfigurationPlatforms) = preSolution
		Debug|Any CPU = Debug|Any CPU
		Release|Any CPU = Release|Any CPU
	EndGlobalSection
	GlobalSection(ProjectConfigurationPlatforms) = postSolution
		{275158B4-FEEF-8C9E-90DA-5577F89044E7}.Debug|Any CPU.ActiveCfg = Debug|Any CPU
		{275158B4-FEEF-8C9E-90DA-5577F89044E7}.Debug|Any CPU.Build.0 = Debug|Any CPU
		{275158B4-FEEF-8C9E-90DA-5577F89044E7}.Release|Any CPU.ActiveCfg = Release|Any CPU
		{275158B4-FEEF-8C9E-90DA-5577F89044E7}.Release|Any CPU.Build.0 = Release|Any CPU
	EndGlobalSection
	GlobalSection(SolutionProperties) = preSolution
		HideSolutionNode = FALSE
	EndGlobalSection
	GlobalSection(NestedProjects) = preSolution
		{275158B4-FEEF-8C9E-90DA-5577F89044E7} = {827E0CD3-B72D-47B6-A68D-7590B98EB39B}
	EndGlobalSection
	GlobalSection(ExtensibilityGlobals) = postSolution
		SolutionGuid = {7A8C17B3-5B45-4785-9029-E3A43BF30EE8}
	EndGlobalSection
EndGlobal
